// !$*UTF8*$!
{
	archiveVersion = 1;
	classes = {
	};
	objectVersion = 38;
	objects = {
		080E96DCFE201CFB7F000001 = {
			fileRef = 29B97318FDCFA39411CA2CEA;
			isa = PBXBuildFile;
			settings = {
			};
		};
		080E96DDFE201D6D7F000001 = {
			children = (
				941C688C02512FA202CA0E31,
				941C688D02512FA202CA0E31,
				942A0D19025150F902CA0E31,
				942A0D1A025150F902CA0E31,
				942A0D1D0251513C02CA0E31,
				942A0D1E0251513C02CA0E31,
				948D72030275F4C602CA0E31,
				948D72050275F4DE02CA0E31,
			);
			isa = PBXGroup;
			name = Classes;
			refType = 4;
		};
		089C165CFE840E0CC02AAC07 = {
			children = (
				089C165DFE840E0CC02AAC07,
			);
			isa = PBXVariantGroup;
			name = InfoPlist.strings;
			refType = 4;
		};
		089C165DFE840E0CC02AAC07 = {
			fileEncoding = 10;
			isa = PBXFileReference;
			name = English;
			path = English.lproj/InfoPlist.strings;
			refType = 4;
		};
		089C165EFE840E0CC02AAC07 = {
			fileRef = 089C165CFE840E0CC02AAC07;
			isa = PBXBuildFile;
			settings = {
			};
		};
//080
//081
//082
//083
//084
//100
//101
//102
//103
//104
		1058C7A0FEA54F0111CA2CBB = {
			children = (
				1058C7A1FEA54F0111CA2CBB,
				94B41AE00276085502CA0E31,
			);
			isa = PBXGroup;
			name = "Linked Frameworks";
			refType = 4;
		};
		1058C7A1FEA54F0111CA2CBB = {
			isa = PBXFrameworkReference;
			name = Cocoa.framework;
			path = /System/Library/Frameworks/Cocoa.framework;
			refType = 0;
		};
		1058C7A2FEA54F0111CA2CBB = {
			children = (
				29B97325FDCFA39411CA2CEA,
				29B97324FDCFA39411CA2CEA,
			);
			isa = PBXGroup;
			name = "Other Frameworks";
			refType = 4;
		};
		1058C7A3FEA54F0111CA2CBB = {
			fileRef = 1058C7A1FEA54F0111CA2CBB;
			isa = PBXBuildFile;
			settings = {
			};
		};
//100
//101
//102
//103
//104
//170
//171
//172
//173
//174
		17587328FF379C6511CA2CBB = {
			isa = PBXApplicationReference;
			path = XMethodsInspector.app;
			refType = 3;
		};
//170
//171
//172
//173
//174
//190
//191
//192
//193
//194
		19C28FACFE9D520D11CA2CBB = {
			children = (
				17587328FF379C6511CA2CBB,
			);
			isa = PBXGroup;
			name = Products;
			refType = 4;
		};
//190
//191
//192
//193
//194
//290
//291
//292
//293
//294
		29B97313FDCFA39411CA2CEA = {
			buildStyles = (
				4A9504CCFFE6A4B311CA0CBA,
				4A9504CDFFE6A4B311CA0CBA,
			);
			hasScannedForEncodings = 1;
			isa = PBXProject;
			mainGroup = 29B97314FDCFA39411CA2CEA;
			projectDirPath = "";
			targets = (
				29B97326FDCFA39411CA2CEA,
			);
		};
		29B97314FDCFA39411CA2CEA = {
			children = (
				080E96DDFE201D6D7F000001,
				941F51160252A96A02CA0E31,
				29B97315FDCFA39411CA2CEA,
				29B97317FDCFA39411CA2CEA,
				29B97323FDCFA39411CA2CEA,
				19C28FACFE9D520D11CA2CBB,
			);
			isa = PBXGroup;
			name = XMethodsInspector;
			path = "";
			refType = 4;
		};
		29B97315FDCFA39411CA2CEA = {
			children = (
				29B97316FDCFA39411CA2CEA,
			);
			isa = PBXGroup;
			name = "Other Sources";
			path = "";
			refType = 4;
		};
		29B97316FDCFA39411CA2CEA = {
			fileEncoding = 30;
			isa = PBXFileReference;
			name = main.m;
			path = Source/main.m;
			refType = 4;
		};
		29B97317FDCFA39411CA2CEA = {
			children = (
				29B97318FDCFA39411CA2CEA,
				089C165CFE840E0CC02AAC07,
			);
			isa = PBXGroup;
			name = Resources;
			path = "";
			refType = 4;
		};
		29B97318FDCFA39411CA2CEA = {
			children = (
				29B97319FDCFA39411CA2CEA,
			);
			isa = PBXVariantGroup;
			name = MainMenu.nib;
			path = "";
			refType = 4;
		};
		29B97319FDCFA39411CA2CEA = {
			isa = PBXFileReference;
			name = English;
			path = English.lproj/MainMenu.nib;
			refType = 4;
		};
		29B97323FDCFA39411CA2CEA = {
			children = (
				1058C7A0FEA54F0111CA2CBB,
				1058C7A2FEA54F0111CA2CBB,
			);
			isa = PBXGroup;
			name = Frameworks;
			path = "";
			refType = 4;
		};
		29B97324FDCFA39411CA2CEA = {
			isa = PBXFrameworkReference;
			name = AppKit.framework;
			path = /System/Library/Frameworks/AppKit.framework;
			refType = 0;
		};
		29B97325FDCFA39411CA2CEA = {
			isa = PBXFrameworkReference;
			name = Foundation.framework;
			path = /System/Library/Frameworks/Foundation.framework;
			refType = 0;
		};
		29B97326FDCFA39411CA2CEA = {
			buildPhases = (
				D6F2BEB504C38FF700F12A44,
				29B97327FDCFA39411CA2CEA,
				29B97328FDCFA39411CA2CEA,
				29B9732BFDCFA39411CA2CEA,
				29B9732DFDCFA39411CA2CEA,
			);
			buildSettings = {
				FRAMEWORK_SEARCH_PATHS = "";
				HEADER_SEARCH_PATHS = "";
				INSTALL_PATH = "$(HOME)/Applications";
				LIBRARY_SEARCH_PATHS = "";
				OPTIMIZATION_CFLAGS = "-O0";
				OTHER_CFLAGS = "-I$(DERIVED_SOURCES_DIR)";
				OTHER_LDFLAGS = "-lstdc++";
				PRODUCT_NAME = XMethodsInspector;
				SECTORDER_FLAGS = "";
				WARNING_CFLAGS = "-Wmost -Wno-four-char-constants -Wno-unknown-pragmas";
				WRAPPER_EXTENSION = app;
			};
			dependencies = (
			);
			isa = PBXApplicationTarget;
			name = XMethodsInspector;
			productInstallPath = "$(HOME)/Applications";
			productName = XMethodsInspector;
			productReference = 17587328FF379C6511CA2CBB;
			productSettingsXML = "<?xml version=\"1.0\" encoding=\"UTF-8\"?>
<!DOCTYPE plist PUBLIC \"-//Apple Computer//DTD PLIST 1.0//EN\" \"http://www.apple.com/DTDs/PropertyList-1.0.dtd\">
<plist version=\"1.0\">
<dict>
	<key>CFBundleDevelopmentRegion</key>
	<string>English</string>
	<key>CFBundleExecutable</key>
	<string>XMethodsInspector</string>
	<key>CFBundleIconFile</key>
	<string></string>
	<key>CFBundleInfoDictionaryVersion</key>
	<string>6.0</string>
	<key>CFBundlePackageType</key>
	<string>APPL</string>
	<key>CFBundleSignature</key>
	<string>????</string>
	<key>CFBundleVersion</key>
	<string>0.1</string>
	<key>NSMainNibFile</key>
	<string>MainMenu</string>
	<key>NSPrincipalClass</key>
	<string>NSApplication</string>
</dict>
</plist>
";
		};
		29B97327FDCFA39411CA2CEA = {
			buildActionMask = 2147483647;
			files = (
				941C688F02512FA202CA0E31,
				942A0D1C025150F902CA0E31,
				942A0D200251513C02CA0E31,
				948D72060275F4DE02CA0E31,
			);
			isa = PBXHeadersBuildPhase;
			runOnlyForDeploymentPostprocessing = 0;
		};
		29B97328FDCFA39411CA2CEA = {
			buildActionMask = 2147483647;
			files = (
				080E96DCFE201CFB7F000001,
				089C165EFE840E0CC02AAC07,
			);
			isa = PBXResourcesBuildPhase;
			runOnlyForDeploymentPostprocessing = 0;
		};
		29B9732BFDCFA39411CA2CEA = {
			buildActionMask = 2147483647;
			files = (
				29B9732CFDCFA39411CA2CEA,
				942A0D0702513ED302CA0E31,
				942A0D1B025150F902CA0E31,
				942A0D1F0251513C02CA0E31,
				948D72040275F4C602CA0E31,
				D6F2BEBB04C390D600F12A44,
			);
			isa = PBXSourcesBuildPhase;
			runOnlyForDeploymentPostprocessing = 0;
		};
		29B9732CFDCFA39411CA2CEA = {
			fileRef = 29B97316FDCFA39411CA2CEA;
			isa = PBXBuildFile;
			settings = {
				ATTRIBUTES = (
				);
			};
		};
		29B9732DFDCFA39411CA2CEA = {
			buildActionMask = 2147483647;
			files = (
				1058C7A3FEA54F0111CA2CBB,
				94B41BC10276085602CA0E31,
			);
			isa = PBXFrameworksBuildPhase;
			runOnlyForDeploymentPostprocessing = 0;
		};
//290
//291
//292
//293
//294
//4A0
//4A1
//4A2
//4A3
//4A4
		4A9504CCFFE6A4B311CA0CBA = {
			buildRules = (
			);
			buildSettings = {
				COPY_PHASE_STRIP = NO;
				OPTIMIZATION_CFLAGS = "-O0";
			};
			isa = PBXBuildStyle;
			name = Development;
		};
		4A9504CDFFE6A4B311CA0CBA = {
			buildRules = (
			);
			buildSettings = {
				COPY_PHASE_STRIP = YES;
			};
			isa = PBXBuildStyle;
			name = Deployment;
		};
//4A0
//4A1
//4A2
//4A3
//4A4
//940
//941
//942
//943
//944
		941C688C02512FA202CA0E31 = {
			fileEncoding = 30;
			isa = PBXFileReference;
			name = XMethodsServiceList.m;
			path = Source/XMethodsServiceList.m;
			refType = 2;
		};
		941C688D02512FA202CA0E31 = {
			fileEncoding = 30;
			isa = PBXFileReference;
			name = XMethodsServiceList.h;
			path = Headers/XMethodsServiceList.h;
			refType = 2;
		};
		941C688F02512FA202CA0E31 = {
			fileRef = 941C688D02512FA202CA0E31;
			isa = PBXBuildFile;
			settings = {
			};
		};
		941F51160252A96A02CA0E31 = {
			children = (
				D6F2BEBA04C390D600F12A44,
				946E75B1027487B302CA0E31,
				946E75B2027487B302CA0E31,
				946E75B3027487B302CA0E31,
				946E75B4027487B302CA0E31,
			);
			isa = PBXGroup;
			name = Generated;
			path = "";
			refType = 4;
		};
		942A0D0702513ED302CA0E31 = {
			fileRef = 941C688C02512FA202CA0E31;
			isa = PBXBuildFile;
			settings = {
			};
		};
		942A0D19025150F902CA0E31 = {
			fileEncoding = 30;
			isa = PBXFileReference;
			name = XMethodInspector.m;
			path = Source/XMethodInspector.m;
			refType = 4;
		};
		942A0D1A025150F902CA0E31 = {
			fileEncoding = 30;
			isa = PBXFileReference;
			name = XMethodInspector.h;
			path = Headers/XMethodInspector.h;
			refType = 2;
		};
		942A0D1B025150F902CA0E31 = {
			fileRef = 942A0D19025150F902CA0E31;
			isa = PBXBuildFile;
			settings = {
			};
		};
		942A0D1C025150F902CA0E31 = {
			fileRef = 942A0D1A025150F902CA0E31;
			isa = PBXBuildFile;
			settings = {
			};
		};
		942A0D1D0251513C02CA0E31 = {
			fileEncoding = 30;
			isa = PBXFileReference;
			name = XMethodCoordinator.m;
			path = Source/XMethodCoordinator.m;
			refType = 4;
		};
		942A0D1E0251513C02CA0E31 = {
			fileEncoding = 30;
			isa = PBXFileReference;
			name = XMethodCoordinator.h;
			path = Headers/XMethodCoordinator.h;
			refType = 2;
		};
		942A0D1F0251513C02CA0E31 = {
			fileRef = 942A0D1D0251513C02CA0E31;
			isa = PBXBuildFile;
			settings = {
			};
		};
		942A0D200251513C02CA0E31 = {
			fileRef = 942A0D1E0251513C02CA0E31;
			isa = PBXBuildFile;
			settings = {
			};
		};
		946E75B1027487B302CA0E31 = {
			fileEncoding = 30;
			isa = PBXFileReference;
			path = WSGeneratedObj.h;
			refType = 3;
		};
		946E75B2027487B302CA0E31 = {
			fileEncoding = 30;
			isa = PBXFileReference;
			path = WSGeneratedObj.m;
			refType = 3;
		};
		946E75B3027487B302CA0E31 = {
			fileEncoding = 30;
			isa = PBXFileReference;
			path = XMethodsStubs.h;
			refType = 3;
		};
		946E75B4027487B302CA0E31 = {
			fileEncoding = 30;
			isa = PBXFileReference;
			path = XMethodsStubs.m;
			refType = 3;
		};
		948D72030275F4C602CA0E31 = {
			fileEncoding = 30;
			isa = PBXFileReference;
			name = AppleScriptPlayground.m;
			path = Source/AppleScriptPlayground.m;
			refType = 4;
		};
		948D72040275F4C602CA0E31 = {
			fileRef = 948D72030275F4C602CA0E31;
			isa = PBXBuildFile;
			settings = {
			};
		};
		948D72050275F4DE02CA0E31 = {
			fileEncoding = 30;
			isa = PBXFileReference;
			name = AppleScriptPlayground.h;
			path = Headers/AppleScriptPlayground.h;
			refType = 4;
		};
		948D72060275F4DE02CA0E31 = {
			fileRef = 948D72050275F4DE02CA0E31;
			isa = PBXBuildFile;
			settings = {
			};
		};
		94B41AE00276085502CA0E31 = {
			isa = PBXFrameworkReference;
			name = Carbon.framework;
			path = /System/Library/Frameworks/Carbon.framework;
			refType = 0;
		};
		94B41BC10276085602CA0E31 = {
			fileRef = 94B41AE00276085502CA0E31;
			isa = PBXBuildFile;
			settings = {
			};
		};
//940
//941
//942
//943
//944
//D60
//D61
//D62
//D63
//D64
		D6F2BEB504C38FF700F12A44 = {
			buildActionMask = 2147483647;
			files = (
			);
			generatedFileNames = (
			);
			isa = PBXShellScriptBuildPhase;
			neededFileNames = (
			);
			runOnlyForDeploymentPostprocessing = 0;
			shellPath = /bin/sh;
			shellScript = "printenv\nmkdir -p ${DERIVED_SOURCES_DIR}\n/Developer/Tools/WSMakeStubs -x ObjC -dir \"${DERIVED_SOURCES_DIR}\" -name XMethodsStubs -url http://www.xmethods.net/wsdl/query.wsdl";
		};
		D6F2BEBA04C390D600F12A44 = {
			fileEncoding = 4;
			isa = PBXFileReference;
			path = BuildGeneratedCode.m;
			refType = 4;
		};
		D6F2BEBB04C390D600F12A44 = {
			fileRef = D6F2BEBA04C390D600F12A44;
			isa = PBXBuildFile;
			settings = {
			};
		};
	};
	rootObject = 29B97313FDCFA39411CA2CEA;
}
